
Microsoft Visual Studio Solution File, Format Version 12.00
# Visual Studio 15
VisualStudioVersion = 15.0.27019.1
MinimumVisualStudioVersion = 10.0.40219.1
Project("{9A19103F-16F7-4668-BE54-9A1E7A4F7556}") = "AspCoreAngular2", "AspCoreAngular2\AspCoreAngular2.csproj", "{269E02BD-BADA-442C-8C3C-C502B27F7B20}"
EndProject
Project("{FAE04EC0-301F-11D3-BF4B-00C04F79EFBC}") = "TheWorld", "TheWorld\TheWorld.csproj", "{E0104AFD-E00B-413F-ABAC-F3D085102054}"
EndProject
Project("{9A19103F-16F7-4668-BE54-9A1E7A4F7556}") = "AspNetCoreNgMaterial", "AspCoreAngularMD\AspNetCoreNgMaterial.csproj", "{3C87F569-F40B-490E-B967-503F4FCF602E}"
EndProject
Global
	GlobalSection(SolutionConfigurationPlatforms) = preSolution
		Debug|Any CPU = Debug|Any CPU
		Release|Any CPU = Release|Any CPU
	EndGlobalSection
	GlobalSection(ProjectConfigurationPlatforms) = postSolution
		{269E02BD-BADA-442C-8C3C-C502B27F7B20}.Debug|Any CPU.ActiveCfg = Debug|Any CPU
		{269E02BD-BADA-442C-8C3C-C502B27F7B20}.Debug|Any CPU.Build.0 = Debug|Any CPU
		{269E02BD-BADA-442C-8C3C-C502B27F7B20}.Release|Any CPU.ActiveCfg = Release|Any CPU
		{269E02BD-BADA-442C-8C3C-C502B27F7B20}.Release|Any CPU.Build.0 = Release|Any CPU
		{E0104AFD-E00B-413F-ABAC-F3D085102054}.Debug|Any CPU.ActiveCfg = Debug|Any CPU
		{E0104AFD-E00B-413F-ABAC-F3D085102054}.Debug|Any CPU.Build.0 = Debug|Any CPU
		{E0104AFD-E00B-413F-ABAC-F3D085102054}.Release|Any CPU.ActiveCfg = Release|Any CPU
		{E0104AFD-E00B-413F-ABAC-F3D085102054}.Release|Any CPU.Build.0 = Release|Any CPU
		{3C87F569-F40B-490E-B967-503F4FCF602E}.Debug|Any CPU.ActiveCfg = Debug|Any CPU
		{3C87F569-F40B-490E-B967-503F4FCF602E}.Debug|Any CPU.Build.0 = Debug|Any CPU
		{3C87F569-F40B-490E-B967-503F4FCF602E}.Release|Any CPU.ActiveCfg = Release|Any CPU
		{3C87F569-F40B-490E-B967-503F4FCF602E}.Release|Any CPU.Build.0 = Release|Any CPU
	EndGlobalSection
	GlobalSection(SolutionProperties) = preSolution
		HideSolutionNode = FALSE
	EndGlobalSection
	GlobalSection(ExtensibilityGlobals) = postSolution
		SolutionGuid = {DD340306-FB1C-4E50-A454-AB38DDD2A8C5}
	EndGlobalSection
EndGlobal
